
Microsoft Visual Studio Solution File, Format Version 12.00
# Visual Studio Version 17
VisualStudioVersion = 17.0.31903.59
MinimumVisualStudioVersion = 10.0.40219.1
Project("{2150E333-8FDC-42A3-9474-1A3956D46DE8}") = "src", "src", "{827E0CD3-B72D-47B6-A68D-7590B98EB39B}"
EndProject
Project("{FAE04EC0-301F-11D3-BF4B-00C04F79EFBC}") = "MQTTLoadTest.Core", "src\MQTTLoadTest.Core\MQTTLoadTest.Core.csproj", "{559FE338-EA0C-4011-B59A-225E3AEB3F24}"
EndProject
Project("{FAE04EC0-301F-11D3-BF4B-00C04F79EFBC}") = "MQTTLoadTest.PublisherManager", "src\MQTTLoadTest.PublisherManager\MQTTLoadTest.PublisherManager.csproj", "{32EA388F-6962-4F0E-8CAD-16DD71058C3B}"
EndProject
Project("{FAE04EC0-301F-11D3-BF4B-00C04F79EFBC}") = "MQTTLoadTest.SubscriberManager", "src\MQTTLoadTest.SubscriberManager\MQTTLoadTest.SubscriberManager.csproj", "{07CCB9D3-86AB-4A8C-BE96-8FCAFF311074}"
EndProject
Global
	GlobalSection(SolutionConfigurationPlatforms) = preSolution
		Debug|Any CPU = Debug|Any CPU
		Debug|x64 = Debug|x64
		Debug|x86 = Debug|x86
		Release|Any CPU = Release|Any CPU
		Release|x64 = Release|x64
		Release|x86 = Release|x86
	EndGlobalSection
	GlobalSection(ProjectConfigurationPlatforms) = postSolution
		{559FE338-EA0C-4011-B59A-225E3AEB3F24}.Debug|Any CPU.ActiveCfg = Debug|Any CPU
		{559FE338-EA0C-4011-B59A-225E3AEB3F24}.Debug|Any CPU.Build.0 = Debug|Any CPU
		{559FE338-EA0C-4011-B59A-225E3AEB3F24}.Debug|x64.ActiveCfg = Debug|Any CPU
		{559FE338-EA0C-4011-B59A-225E3AEB3F24}.Debug|x64.Build.0 = Debug|Any CPU
		{559FE338-EA0C-4011-B59A-225E3AEB3F24}.Debug|x86.ActiveCfg = Debug|Any CPU
		{559FE338-EA0C-4011-B59A-225E3AEB3F24}.Debug|x86.Build.0 = Debug|Any CPU
		{559FE338-EA0C-4011-B59A-225E3AEB3F24}.Release|Any CPU.ActiveCfg = Release|Any CPU
		{559FE338-EA0C-4011-B59A-225E3AEB3F24}.Release|Any CPU.Build.0 = Release|Any CPU
		{559FE338-EA0C-4011-B59A-225E3AEB3F24}.Release|x64.ActiveCfg = Release|Any CPU
		{559FE338-EA0C-4011-B59A-225E3AEB3F24}.Release|x64.Build.0 = Release|Any CPU
		{559FE338-EA0C-4011-B59A-225E3AEB3F24}.Release|x86.ActiveCfg = Release|Any CPU
		{559FE338-EA0C-4011-B59A-225E3AEB3F24}.Release|x86.Build.0 = Release|Any CPU
		{32EA388F-6962-4F0E-8CAD-16DD71058C3B}.Debug|Any CPU.ActiveCfg = Debug|Any CPU
		{32EA388F-6962-4F0E-8CAD-16DD71058C3B}.Debug|Any CPU.Build.0 = Debug|Any CPU
		{32EA388F-6962-4F0E-8CAD-16DD71058C3B}.Debug|x64.ActiveCfg = Debug|Any CPU
		{32EA388F-6962-4F0E-8CAD-16DD71058C3B}.Debug|x64.Build.0 = Debug|Any CPU
		{32EA388F-6962-4F0E-8CAD-16DD71058C3B}.Debug|x86.ActiveCfg = Debug|Any CPU
		{32EA388F-6962-4F0E-8CAD-16DD71058C3B}.Debug|x86.Build.0 = Debug|Any CPU
		{32EA388F-6962-4F0E-8CAD-16DD71058C3B}.Release|Any CPU.ActiveCfg = Release|Any CPU
		{32EA388F-6962-4F0E-8CAD-16DD71058C3B}.Release|Any CPU.Build.0 = Release|Any CPU
		{32EA388F-6962-4F0E-8CAD-16DD71058C3B}.Release|x64.ActiveCfg = Release|Any CPU
		{32EA388F-6962-4F0E-8CAD-16DD71058C3B}.Release|x64.Build.0 = Release|Any CPU
		{32EA388F-6962-4F0E-8CAD-16DD71058C3B}.Release|x86.ActiveCfg = Release|Any CPU
		{32EA388F-6962-4F0E-8CAD-16DD71058C3B}.Release|x86.Build.0 = Release|Any CPU
		{07CCB9D3-86AB-4A8C-BE96-8FCAFF311074}.Debug|Any CPU.ActiveCfg = Debug|Any CPU
		{07CCB9D3-86AB-4A8C-BE96-8FCAFF311074}.Debug|Any CPU.Build.0 = Debug|Any CPU
		{07CCB9D3-86AB-4A8C-BE96-8FCAFF311074}.Debug|x64.ActiveCfg = Debug|Any CPU
		{07CCB9D3-86AB-4A8C-BE96-8FCAFF311074}.Debug|x64.Build.0 = Debug|Any CPU
		{07CCB9D3-86AB-4A8C-BE96-8FCAFF311074}.Debug|x86.ActiveCfg = Debug|Any CPU
		{07CCB9D3-86AB-4A8C-BE96-8FCAFF311074}.Debug|x86.Build.0 = Debug|Any CPU
		{07CCB9D3-86AB-4A8C-BE96-8FCAFF311074}.Release|Any CPU.ActiveCfg = Release|Any CPU
		{07CCB9D3-86AB-4A8C-BE96-8FCAFF311074}.Release|Any CPU.Build.0 = Release|Any CPU
		{07CCB9D3-86AB-4A8C-BE96-8FCAFF311074}.Release|x64.ActiveCfg = Release|Any CPU
		{07CCB9D3-86AB-4A8C-BE96-8FCAFF311074}.Release|x64.Build.0 = Release|Any CPU
		{07CCB9D3-86AB-4A8C-BE96-8FCAFF311074}.Release|x86.ActiveCfg = Release|Any CPU
		{07CCB9D3-86AB-4A8C-BE96-8FCAFF311074}.Release|x86.Build.0 = Release|Any CPU
	EndGlobalSection
	GlobalSection(SolutionProperties) = preSolution
		HideSolutionNode = FALSE
	EndGlobalSection
	GlobalSection(NestedProjects) = preSolution
		{559FE338-EA0C-4011-B59A-225E3AEB3F24} = {827E0CD3-B72D-47B6-A68D-7590B98EB39B}
		{32EA388F-6962-4F0E-8CAD-16DD71058C3B} = {827E0CD3-B72D-47B6-A68D-7590B98EB39B}
		{07CCB9D3-86AB-4A8C-BE96-8FCAFF311074} = {827E0CD3-B72D-47B6-A68D-7590B98EB39B}
	EndGlobalSection
	GlobalSection(ExtensibilityGlobals) = postSolution
		SolutionGuid = {55180B36-1FC9-4435-9448-DEA8EB74E2BC}
	EndGlobalSection
EndGlobal
